
Microsoft Visual Studio Solution File, Format Version 12.00
# Visual Studio Version 16
VisualStudioVersion = 16.0.29920.165
MinimumVisualStudioVersion = 10.0.40219.1
Project("{FAE04EC0-301F-11D3-BF4B-00C04F79EFBC}") = "ParallelRoadTool", "ParallelRoadTool.csproj", "{C323E306-D11E-48A7-9620-121E4ADC4765}"
EndProject
Project("{FAE04EC0-301F-11D3-BF4B-00C04F79EFBC}") = "RedirectionFramework", "..\Submodules\RedirectionFramework\RedirectionFramework.csproj", "{AA84F143-E218-45ED-AAEB-6EC3AF1F176E}"
EndProject
Global
	GlobalSection(SolutionConfigurationPlatforms) = preSolution
		Debug|Any CPU = Debug|Any CPU
		Release|Any CPU = Release|Any CPU
	EndGlobalSection
	GlobalSection(ProjectConfigurationPlatforms) = postSolution
		{C323E306-D11E-48A7-9620-121E4ADC4765}.Debug|Any CPU.ActiveCfg = Debug|Any CPU
		{C323E306-D11E-48A7-9620-121E4ADC4765}.Debug|Any CPU.Build.0 = Debug|Any CPU
		{C323E306-D11E-48A7-9620-121E4ADC4765}.Release|Any CPU.ActiveCfg = Release|Any CPU
		{C323E306-D11E-48A7-9620-121E4ADC4765}.Release|Any CPU.Build.0 = Release|Any CPU
		{AA84F143-E218-45ED-AAEB-6EC3AF1F176E}.Debug|Any CPU.ActiveCfg = Debug|Any CPU
		{AA84F143-E218-45ED-AAEB-6EC3AF1F176E}.Debug|Any CPU.Build.0 = Debug|Any CPU
		{AA84F143-E218-45ED-AAEB-6EC3AF1F176E}.Release|Any CPU.ActiveCfg = Release|Any CPU
		{AA84F143-E218-45ED-AAEB-6EC3AF1F176E}.Release|Any CPU.Build.0 = Release|Any CPU
	EndGlobalSection
	GlobalSection(SolutionProperties) = preSolution
		HideSolutionNode = FALSE
	EndGlobalSection
	GlobalSection(ExtensibilityGlobals) = postSolution
		SolutionGuid = {19E91299-91FF-47EA-8505-215462D86A23}
	EndGlobalSection
EndGlobal
