
Microsoft Visual Studio Solution File, Format Version 12.00
# Visual Studio Version 17
VisualStudioVersion = 17.3.32825.248
MinimumVisualStudioVersion = 10.0.40219.1
Project("{FAE04EC0-301F-11D3-BF4B-00C04F79EFBC}") = "ParallelRoadTool", "ParallelRoadTool.csproj", "{C323E306-D11E-48A7-9620-121E4ADC4765}"
EndProject
Project("{2150E333-8FDC-42A3-9474-1A3956D46DE8}") = "Docs", "Docs", "{EF309BA7-0A77-486A-BC80-1DC2A0D2F0A9}"
	ProjectSection(SolutionItems) = preProject
		..\README.md = ..\README.md
	EndProjectSection
EndProject
Project("{2150E333-8FDC-42A3-9474-1A3956D46DE8}") = "Workshop", "Workshop", "{CAE3D1D4-1372-4B86-8D26-9E1CA25064D5}"
EndProject
Project("{2150E333-8FDC-42A3-9474-1A3956D46DE8}") = "Beta", "Beta", "{C19406E2-E4CB-45C3-B671-7C53985BBA3C}"
	ProjectSection(SolutionItems) = preProject
		..\Docs\Workshop\Beta\description.txt = ..\Docs\Workshop\Beta\description.txt
		..\Docs\Workshop\Beta\PreviewImage.png = ..\Docs\Workshop\Beta\PreviewImage.png
	EndProjectSection
EndProject
Project("{2150E333-8FDC-42A3-9474-1A3956D46DE8}") = "Stable", "Stable", "{AFD5188A-5909-4890-B949-0C4CDDE5B0CC}"
	ProjectSection(SolutionItems) = preProject
		..\Docs\Workshop\Stable\1) Basic@2x.png = ..\Docs\Workshop\Stable\1) Basic@2x.png
		..\Docs\Workshop\Stable\2) Elevated-Lowered@2x.png = ..\Docs\Workshop\Stable\2) Elevated-Lowered@2x.png
		..\Docs\Workshop\Stable\3) Snapping@2x.png = ..\Docs\Workshop\Stable\3) Snapping@2x.png
		..\Docs\Workshop\Stable\4) Reverse@2x.png = ..\Docs\Workshop\Stable\4) Reverse@2x.png
		..\Docs\Workshop\Stable\5) Canals@2x.png = ..\Docs\Workshop\Stable\5) Canals@2x.png
		..\Docs\Workshop\Stable\6) Tunnels@2x.png = ..\Docs\Workshop\Stable\6) Tunnels@2x.png
		..\Docs\Workshop\Stable\7) Train Merge@2x.png = ..\Docs\Workshop\Stable\7) Train Merge@2x.png
		..\Docs\Workshop\Stable\8) Road Split-Merge@2x.png = ..\Docs\Workshop\Stable\8) Road Split-Merge@2x.png
		..\Docs\Workshop\Stable\8) Samples 1@2x.png = ..\Docs\Workshop\Stable\8) Samples 1@2x.png
		..\Docs\Workshop\Stable\description.txt = ..\Docs\Workshop\Stable\description.txt
		..\Docs\Workshop\Stable\PreviewImage.png = ..\Docs\Workshop\Stable\PreviewImage.png
	EndProjectSection
EndProject
Project("{2150E333-8FDC-42A3-9474-1A3956D46DE8}") = "Submodules", "Submodules", "{B84BB1A9-0CF6-4CA5-AD32-09F06584DC33}"
EndProject
Project("{D954291E-2A0B-460D-934E-DC6B0785DB48}") = "AlgernonCommonsPatchingShared", "..\Submodules\AlgernonCommons\AlgernonCommonsPatchingShared.shproj", "{60FBD1A6-5080-453C-A4C0-857E7CEE080F}"
EndProject
Global
	GlobalSection(SolutionConfigurationPlatforms) = preSolution
		Debug|Any CPU = Debug|Any CPU
		Release|Any CPU = Release|Any CPU
	EndGlobalSection
	GlobalSection(ProjectConfigurationPlatforms) = postSolution
		{C323E306-D11E-48A7-9620-121E4ADC4765}.Debug|Any CPU.ActiveCfg = Debug|Any CPU
		{C323E306-D11E-48A7-9620-121E4ADC4765}.Debug|Any CPU.Build.0 = Debug|Any CPU
		{C323E306-D11E-48A7-9620-121E4ADC4765}.Release|Any CPU.ActiveCfg = Release|Any CPU
		{C323E306-D11E-48A7-9620-121E4ADC4765}.Release|Any CPU.Build.0 = Release|Any CPU
	EndGlobalSection
	GlobalSection(SolutionProperties) = preSolution
		HideSolutionNode = FALSE
	EndGlobalSection
	GlobalSection(NestedProjects) = preSolution
		{CAE3D1D4-1372-4B86-8D26-9E1CA25064D5} = {EF309BA7-0A77-486A-BC80-1DC2A0D2F0A9}
		{C19406E2-E4CB-45C3-B671-7C53985BBA3C} = {CAE3D1D4-1372-4B86-8D26-9E1CA25064D5}
		{AFD5188A-5909-4890-B949-0C4CDDE5B0CC} = {CAE3D1D4-1372-4B86-8D26-9E1CA25064D5}
		{60FBD1A6-5080-453C-A4C0-857E7CEE080F} = {B84BB1A9-0CF6-4CA5-AD32-09F06584DC33}
	EndGlobalSection
	GlobalSection(ExtensibilityGlobals) = postSolution
		SolutionGuid = {19E91299-91FF-47EA-8505-215462D86A23}
	EndGlobalSection
	GlobalSection(SharedMSBuildProjectFiles) = preSolution
		..\Submodules\AlgernonCommons\AlgernonCommonsPatchingShared.projitems*{60fbd1a6-5080-453c-a4c0-857e7cee080f}*SharedItemsImports = 13
		..\Submodules\AlgernonCommons\AlgernonCommonsPatchingShared.projitems*{c323e306-d11e-48a7-9620-121e4adc4765}*SharedItemsImports = 4
	EndGlobalSection
EndGlobal
